
Microsoft Visual Studio Solution File, Format Version 12.00
Project("{2150E333-8FDC-42A3-9474-1A3956D46DE8}") = "Core", "Core", "{8C8F4058-E322-47A3-B107-D161D7B0662C}"
EndProject
Project("{FAE04EC0-301F-11D3-BF4B-00C04F79EFBC}") = "Task.Application", "Core\Task.Application\Task.Application.csproj", "{D1F8EF28-BD0F-4180-A1C4-110B28221052}"
EndProject
Project("{2150E333-8FDC-42A3-9474-1A3956D46DE8}") = "Infrastructure", "Infrastructure", "{AC6F0DC7-F2A3-442A-BF63-C310971884A8}"
EndProject
Project("{2150E333-8FDC-42A3-9474-1A3956D46DE8}") = "Presentation", "Presentation", "{EECF7ECF-B1D6-4B5A-937D-CB2C535647B3}"
EndProject
Project("{2150E333-8FDC-42A3-9474-1A3956D46DE8}") = "Test", "Test", "{CBC51352-CA1F-40CE-AE29-B68A7DF338CD}"
EndProject
Project("{FAE04EC0-301F-11D3-BF4B-00C04F79EFBC}") = "Task.Entities", "Core\Task.Entities\Task.Entities.csproj", "{B36F91D2-FF26-4750-BD97-B8C397241867}"
EndProject
Project("{FAE04EC0-301F-11D3-BF4B-00C04F79EFBC}") = "Task.Service", "Core\Task.Service\Task.Service.csproj", "{CC837C16-2D70-4620-A5F2-9463595EA819}"
EndProject
Project("{FAE04EC0-301F-11D3-BF4B-00C04F79EFBC}") = "Task.Infrastructures", "Infrastructure\Task.Infrastructures\Task.Infrastructures.csproj", "{2857BFE9-A991-4F32-B5E6-6BD4B2D79D0F}"
EndProject
Project("{FAE04EC0-301F-11D3-BF4B-00C04F79EFBC}") = "Task.Persistence.Ef", "Infrastructure\Task.Persistence.Ef\Task.Persistence.Ef.csproj", "{DB897032-1D15-4AEE-A728-ADAEA92E5CF9}"
EndProject
Project("{FAE04EC0-301F-11D3-BF4B-00C04F79EFBC}") = "Task.Migration", "Infrastructure\Task.Migration\Task.Migration.csproj", "{C713C3F9-A7CF-4CAD-8AF8-2457AFC1BC07}"
EndProject
Project("{FAE04EC0-301F-11D3-BF4B-00C04F79EFBC}") = "Task.RestApi", "Presentation\Task.RestApi\Task.RestApi.csproj", "{4B913355-FB21-4E4A-B6CB-7779E7E6E2D1}"
EndProject
Global
	GlobalSection(SolutionConfigurationPlatforms) = preSolution
		Debug|Any CPU = Debug|Any CPU
		Release|Any CPU = Release|Any CPU
	EndGlobalSection
	GlobalSection(NestedProjects) = preSolution
		{D1F8EF28-BD0F-4180-A1C4-110B28221052} = {8C8F4058-E322-47A3-B107-D161D7B0662C}
		{B36F91D2-FF26-4750-BD97-B8C397241867} = {8C8F4058-E322-47A3-B107-D161D7B0662C}
		{CC837C16-2D70-4620-A5F2-9463595EA819} = {8C8F4058-E322-47A3-B107-D161D7B0662C}
		{2857BFE9-A991-4F32-B5E6-6BD4B2D79D0F} = {AC6F0DC7-F2A3-442A-BF63-C310971884A8}
		{DB897032-1D15-4AEE-A728-ADAEA92E5CF9} = {AC6F0DC7-F2A3-442A-BF63-C310971884A8}
		{C713C3F9-A7CF-4CAD-8AF8-2457AFC1BC07} = {AC6F0DC7-F2A3-442A-BF63-C310971884A8}
		{4B913355-FB21-4E4A-B6CB-7779E7E6E2D1} = {EECF7ECF-B1D6-4B5A-937D-CB2C535647B3}
	EndGlobalSection
	GlobalSection(ProjectConfigurationPlatforms) = postSolution
		{D1F8EF28-BD0F-4180-A1C4-110B28221052}.Debug|Any CPU.ActiveCfg = Debug|Any CPU
		{D1F8EF28-BD0F-4180-A1C4-110B28221052}.Debug|Any CPU.Build.0 = Debug|Any CPU
		{D1F8EF28-BD0F-4180-A1C4-110B28221052}.Release|Any CPU.ActiveCfg = Release|Any CPU
		{D1F8EF28-BD0F-4180-A1C4-110B28221052}.Release|Any CPU.Build.0 = Release|Any CPU
		{B36F91D2-FF26-4750-BD97-B8C397241867}.Debug|Any CPU.ActiveCfg = Debug|Any CPU
		{B36F91D2-FF26-4750-BD97-B8C397241867}.Debug|Any CPU.Build.0 = Debug|Any CPU
		{B36F91D2-FF26-4750-BD97-B8C397241867}.Release|Any CPU.ActiveCfg = Release|Any CPU
		{B36F91D2-FF26-4750-BD97-B8C397241867}.Release|Any CPU.Build.0 = Release|Any CPU
		{CC837C16-2D70-4620-A5F2-9463595EA819}.Debug|Any CPU.ActiveCfg = Debug|Any CPU
		{CC837C16-2D70-4620-A5F2-9463595EA819}.Debug|Any CPU.Build.0 = Debug|Any CPU
		{CC837C16-2D70-4620-A5F2-9463595EA819}.Release|Any CPU.ActiveCfg = Release|Any CPU
		{CC837C16-2D70-4620-A5F2-9463595EA819}.Release|Any CPU.Build.0 = Release|Any CPU
		{2857BFE9-A991-4F32-B5E6-6BD4B2D79D0F}.Debug|Any CPU.ActiveCfg = Debug|Any CPU
		{2857BFE9-A991-4F32-B5E6-6BD4B2D79D0F}.Debug|Any CPU.Build.0 = Debug|Any CPU
		{2857BFE9-A991-4F32-B5E6-6BD4B2D79D0F}.Release|Any CPU.ActiveCfg = Release|Any CPU
		{2857BFE9-A991-4F32-B5E6-6BD4B2D79D0F}.Release|Any CPU.Build.0 = Release|Any CPU
		{DB897032-1D15-4AEE-A728-ADAEA92E5CF9}.Debug|Any CPU.ActiveCfg = Debug|Any CPU
		{DB897032-1D15-4AEE-A728-ADAEA92E5CF9}.Debug|Any CPU.Build.0 = Debug|Any CPU
		{DB897032-1D15-4AEE-A728-ADAEA92E5CF9}.Release|Any CPU.ActiveCfg = Release|Any CPU
		{DB897032-1D15-4AEE-A728-ADAEA92E5CF9}.Release|Any CPU.Build.0 = Release|Any CPU
		{C713C3F9-A7CF-4CAD-8AF8-2457AFC1BC07}.Debug|Any CPU.ActiveCfg = Debug|Any CPU
		{C713C3F9-A7CF-4CAD-8AF8-2457AFC1BC07}.Debug|Any CPU.Build.0 = Debug|Any CPU
		{C713C3F9-A7CF-4CAD-8AF8-2457AFC1BC07}.Release|Any CPU.ActiveCfg = Release|Any CPU
		{C713C3F9-A7CF-4CAD-8AF8-2457AFC1BC07}.Release|Any CPU.Build.0 = Release|Any CPU
		{4B913355-FB21-4E4A-B6CB-7779E7E6E2D1}.Debug|Any CPU.ActiveCfg = Debug|Any CPU
		{4B913355-FB21-4E4A-B6CB-7779E7E6E2D1}.Debug|Any CPU.Build.0 = Debug|Any CPU
		{4B913355-FB21-4E4A-B6CB-7779E7E6E2D1}.Release|Any CPU.ActiveCfg = Release|Any CPU
		{4B913355-FB21-4E4A-B6CB-7779E7E6E2D1}.Release|Any CPU.Build.0 = Release|Any CPU
	EndGlobalSection
EndGlobal
